
Microsoft Visual Studio Solution File, Format Version 12.00
# Visual Studio Version 17
VisualStudioVersion = 17.8.34330.188
MinimumVisualStudioVersion = 10.0.40219.1
Project("{9A19103F-16F7-4668-BE54-9A1E7A4F7556}") = "BookStore", "BookStore\BookStore.csproj", "{848B5D6C-6C50-4AC1-AFF3-3BD354241989}"
EndProject
Project("{9A19103F-16F7-4668-BE54-9A1E7A4F7556}") = "DAL", "DAL\DAL.csproj", "{99AAE05A-9284-4B7C-95B9-913BEE857605}"
EndProject
Project("{9A19103F-16F7-4668-BE54-9A1E7A4F7556}") = "Core", "Core\Core.csproj", "{57B5A127-9DED-4C48-9AFE-490ABFE83A22}"
EndProject
Project("{9A19103F-16F7-4668-BE54-9A1E7A4F7556}") = "Services", "Services\Services.csproj", "{9A522653-82BD-4FF0-999E-625DB9F48FEE}"
EndProject
Global
	GlobalSection(SolutionConfigurationPlatforms) = preSolution
		Debug|Any CPU = Debug|Any CPU
		Release|Any CPU = Release|Any CPU
	EndGlobalSection
	GlobalSection(ProjectConfigurationPlatforms) = postSolution
		{848B5D6C-6C50-4AC1-AFF3-3BD354241989}.Debug|Any CPU.ActiveCfg = Debug|Any CPU
		{848B5D6C-6C50-4AC1-AFF3-3BD354241989}.Debug|Any CPU.Build.0 = Debug|Any CPU
		{848B5D6C-6C50-4AC1-AFF3-3BD354241989}.Release|Any CPU.ActiveCfg = Release|Any CPU
		{848B5D6C-6C50-4AC1-AFF3-3BD354241989}.Release|Any CPU.Build.0 = Release|Any CPU
		{99AAE05A-9284-4B7C-95B9-913BEE857605}.Debug|Any CPU.ActiveCfg = Debug|Any CPU
		{99AAE05A-9284-4B7C-95B9-913BEE857605}.Debug|Any CPU.Build.0 = Debug|Any CPU
		{99AAE05A-9284-4B7C-95B9-913BEE857605}.Release|Any CPU.ActiveCfg = Release|Any CPU
		{99AAE05A-9284-4B7C-95B9-913BEE857605}.Release|Any CPU.Build.0 = Release|Any CPU
		{57B5A127-9DED-4C48-9AFE-490ABFE83A22}.Debug|Any CPU.ActiveCfg = Debug|Any CPU
		{57B5A127-9DED-4C48-9AFE-490ABFE83A22}.Debug|Any CPU.Build.0 = Debug|Any CPU
		{57B5A127-9DED-4C48-9AFE-490ABFE83A22}.Release|Any CPU.ActiveCfg = Release|Any CPU
		{57B5A127-9DED-4C48-9AFE-490ABFE83A22}.Release|Any CPU.Build.0 = Release|Any CPU
		{9A522653-82BD-4FF0-999E-625DB9F48FEE}.Debug|Any CPU.ActiveCfg = Debug|Any CPU
		{9A522653-82BD-4FF0-999E-625DB9F48FEE}.Debug|Any CPU.Build.0 = Debug|Any CPU
		{9A522653-82BD-4FF0-999E-625DB9F48FEE}.Release|Any CPU.ActiveCfg = Release|Any CPU
		{9A522653-82BD-4FF0-999E-625DB9F48FEE}.Release|Any CPU.Build.0 = Release|Any CPU
	EndGlobalSection
	GlobalSection(SolutionProperties) = preSolution
		HideSolutionNode = FALSE
	EndGlobalSection
	GlobalSection(ExtensibilityGlobals) = postSolution
		SolutionGuid = {665DBDE4-CB43-4159-A5BC-A5DC57FF9590}
	EndGlobalSection
EndGlobal
